
Microsoft Visual Studio Solution File, Format Version 12.00
# Visual Studio 15
VisualStudioVersion = 15.0.28306.52
MinimumVisualStudioVersion = 10.0.40219.1
Project("{FAE04EC0-301F-11D3-BF4B-00C04F79EFBC}") = "SayHello", "SayHello\SayHello.csproj", "{B5B6AD6D-D799-459E-963B-07B7435B2691}"
EndProject
Project("{FAE04EC0-301F-11D3-BF4B-00C04F79EFBC}") = "SayHelloTest.Android", "Test\SayHelloTest.Android\SayHelloTest.Android.csproj", "{810F16D6-474F-4359-A5E0-D7EBD970A489}"
EndProject
Project("{FAE04EC0-301F-11D3-BF4B-00C04F79EFBC}") = "SayHelloTest.iOS", "Test\SayHelloTest.iOS\SayHelloTest.iOS.csproj", "{6375670B-3C89-42ED-93FF-04D5C7F72088}"
EndProject
Project("{FAE04EC0-301F-11D3-BF4B-00C04F79EFBC}") = "SayHelloTest.UWP", "Test\SayHelloTest.UWP\SayHelloTest.UWP.csproj", "{1D4928B8-3642-4C38-B995-F456211ED2D3}"
EndProject
Project("{FAE04EC0-301F-11D3-BF4B-00C04F79EFBC}") = "SayHelloTest", "Test\SayHelloTest\SayHelloTest.csproj", "{4FD21A99-B436-44A4-9D2A-42807F2B7D9B}"
EndProject
Global
	GlobalSection(SolutionConfigurationPlatforms) = preSolution
		Ad-Hoc|Any CPU = Ad-Hoc|Any CPU
		Ad-Hoc|ARM = Ad-Hoc|ARM
		Ad-Hoc|iPhone = Ad-Hoc|iPhone
		Ad-Hoc|iPhoneSimulator = Ad-Hoc|iPhoneSimulator
		Ad-Hoc|x64 = Ad-Hoc|x64
		Ad-Hoc|x86 = Ad-Hoc|x86
		AppStore|Any CPU = AppStore|Any CPU
		AppStore|ARM = AppStore|ARM
		AppStore|iPhone = AppStore|iPhone
		AppStore|iPhoneSimulator = AppStore|iPhoneSimulator
		AppStore|x64 = AppStore|x64
		AppStore|x86 = AppStore|x86
		Debug|Any CPU = Debug|Any CPU
		Debug|ARM = Debug|ARM
		Debug|iPhone = Debug|iPhone
		Debug|iPhoneSimulator = Debug|iPhoneSimulator
		Debug|x64 = Debug|x64
		Debug|x86 = Debug|x86
		Release|Any CPU = Release|Any CPU
		Release|ARM = Release|ARM
		Release|iPhone = Release|iPhone
		Release|iPhoneSimulator = Release|iPhoneSimulator
		Release|x64 = Release|x64
		Release|x86 = Release|x86
	EndGlobalSection
	GlobalSection(ProjectConfigurationPlatforms) = postSolution
		{B5B6AD6D-D799-459E-963B-07B7435B2691}.Ad-Hoc|Any CPU.ActiveCfg = Debug|Any CPU
		{B5B6AD6D-D799-459E-963B-07B7435B2691}.Ad-Hoc|Any CPU.Build.0 = Debug|Any CPU
		{B5B6AD6D-D799-459E-963B-07B7435B2691}.Ad-Hoc|ARM.ActiveCfg = Debug|Any CPU
		{B5B6AD6D-D799-459E-963B-07B7435B2691}.Ad-Hoc|ARM.Build.0 = Debug|Any CPU
		{B5B6AD6D-D799-459E-963B-07B7435B2691}.Ad-Hoc|iPhone.ActiveCfg = Debug|Any CPU
		{B5B6AD6D-D799-459E-963B-07B7435B2691}.Ad-Hoc|iPhone.Build.0 = Debug|Any CPU
		{B5B6AD6D-D799-459E-963B-07B7435B2691}.Ad-Hoc|iPhoneSimulator.ActiveCfg = Debug|Any CPU
		{B5B6AD6D-D799-459E-963B-07B7435B2691}.Ad-Hoc|iPhoneSimulator.Build.0 = Debug|Any CPU
		{B5B6AD6D-D799-459E-963B-07B7435B2691}.Ad-Hoc|x64.ActiveCfg = Debug|Any CPU
		{B5B6AD6D-D799-459E-963B-07B7435B2691}.Ad-Hoc|x64.Build.0 = Debug|Any CPU
		{B5B6AD6D-D799-459E-963B-07B7435B2691}.Ad-Hoc|x86.ActiveCfg = Debug|Any CPU
		{B5B6AD6D-D799-459E-963B-07B7435B2691}.Ad-Hoc|x86.Build.0 = Debug|Any CPU
		{B5B6AD6D-D799-459E-963B-07B7435B2691}.AppStore|Any CPU.ActiveCfg = Debug|Any CPU
		{B5B6AD6D-D799-459E-963B-07B7435B2691}.AppStore|Any CPU.Build.0 = Debug|Any CPU
		{B5B6AD6D-D799-459E-963B-07B7435B2691}.AppStore|ARM.ActiveCfg = Debug|Any CPU
		{B5B6AD6D-D799-459E-963B-07B7435B2691}.AppStore|ARM.Build.0 = Debug|Any CPU
		{B5B6AD6D-D799-459E-963B-07B7435B2691}.AppStore|iPhone.ActiveCfg = Debug|Any CPU
		{B5B6AD6D-D799-459E-963B-07B7435B2691}.AppStore|iPhone.Build.0 = Debug|Any CPU
		{B5B6AD6D-D799-459E-963B-07B7435B2691}.AppStore|iPhoneSimulator.ActiveCfg = Debug|Any CPU
		{B5B6AD6D-D799-459E-963B-07B7435B2691}.AppStore|iPhoneSimulator.Build.0 = Debug|Any CPU
		{B5B6AD6D-D799-459E-963B-07B7435B2691}.AppStore|x64.ActiveCfg = Debug|Any CPU
		{B5B6AD6D-D799-459E-963B-07B7435B2691}.AppStore|x64.Build.0 = Debug|Any CPU
		{B5B6AD6D-D799-459E-963B-07B7435B2691}.AppStore|x86.ActiveCfg = Debug|Any CPU
		{B5B6AD6D-D799-459E-963B-07B7435B2691}.AppStore|x86.Build.0 = Debug|Any CPU
		{B5B6AD6D-D799-459E-963B-07B7435B2691}.Debug|Any CPU.ActiveCfg = Debug|Any CPU
		{B5B6AD6D-D799-459E-963B-07B7435B2691}.Debug|Any CPU.Build.0 = Debug|Any CPU
		{B5B6AD6D-D799-459E-963B-07B7435B2691}.Debug|ARM.ActiveCfg = Debug|Any CPU
		{B5B6AD6D-D799-459E-963B-07B7435B2691}.Debug|ARM.Build.0 = Debug|Any CPU
		{B5B6AD6D-D799-459E-963B-07B7435B2691}.Debug|iPhone.ActiveCfg = Debug|Any CPU
		{B5B6AD6D-D799-459E-963B-07B7435B2691}.Debug|iPhone.Build.0 = Debug|Any CPU
		{B5B6AD6D-D799-459E-963B-07B7435B2691}.Debug|iPhoneSimulator.ActiveCfg = Debug|Any CPU
		{B5B6AD6D-D799-459E-963B-07B7435B2691}.Debug|iPhoneSimulator.Build.0 = Debug|Any CPU
		{B5B6AD6D-D799-459E-963B-07B7435B2691}.Debug|x64.ActiveCfg = Debug|Any CPU
		{B5B6AD6D-D799-459E-963B-07B7435B2691}.Debug|x64.Build.0 = Debug|Any CPU
		{B5B6AD6D-D799-459E-963B-07B7435B2691}.Debug|x86.ActiveCfg = Debug|Any CPU
		{B5B6AD6D-D799-459E-963B-07B7435B2691}.Debug|x86.Build.0 = Debug|Any CPU
		{B5B6AD6D-D799-459E-963B-07B7435B2691}.Release|Any CPU.ActiveCfg = Release|Any CPU
		{B5B6AD6D-D799-459E-963B-07B7435B2691}.Release|Any CPU.Build.0 = Release|Any CPU
		{B5B6AD6D-D799-459E-963B-07B7435B2691}.Release|ARM.ActiveCfg = Release|Any CPU
		{B5B6AD6D-D799-459E-963B-07B7435B2691}.Release|ARM.Build.0 = Release|Any CPU
		{B5B6AD6D-D799-459E-963B-07B7435B2691}.Release|iPhone.ActiveCfg = Release|Any CPU
		{B5B6AD6D-D799-459E-963B-07B7435B2691}.Release|iPhone.Build.0 = Release|Any CPU
		{B5B6AD6D-D799-459E-963B-07B7435B2691}.Release|iPhoneSimulator.ActiveCfg = Release|Any CPU
		{B5B6AD6D-D799-459E-963B-07B7435B2691}.Release|iPhoneSimulator.Build.0 = Release|Any CPU
		{B5B6AD6D-D799-459E-963B-07B7435B2691}.Release|x64.ActiveCfg = Release|Any CPU
		{B5B6AD6D-D799-459E-963B-07B7435B2691}.Release|x64.Build.0 = Release|Any CPU
		{B5B6AD6D-D799-459E-963B-07B7435B2691}.Release|x86.ActiveCfg = Release|Any CPU
		{B5B6AD6D-D799-459E-963B-07B7435B2691}.Release|x86.Build.0 = Release|Any CPU
		{810F16D6-474F-4359-A5E0-D7EBD970A489}.Ad-Hoc|Any CPU.ActiveCfg = Release|Any CPU
		{810F16D6-474F-4359-A5E0-D7EBD970A489}.Ad-Hoc|Any CPU.Build.0 = Release|Any CPU
		{810F16D6-474F-4359-A5E0-D7EBD970A489}.Ad-Hoc|Any CPU.Deploy.0 = Release|Any CPU
		{810F16D6-474F-4359-A5E0-D7EBD970A489}.Ad-Hoc|ARM.ActiveCfg = Release|Any CPU
		{810F16D6-474F-4359-A5E0-D7EBD970A489}.Ad-Hoc|ARM.Build.0 = Release|Any CPU
		{810F16D6-474F-4359-A5E0-D7EBD970A489}.Ad-Hoc|ARM.Deploy.0 = Release|Any CPU
		{810F16D6-474F-4359-A5E0-D7EBD970A489}.Ad-Hoc|iPhone.ActiveCfg = Release|Any CPU
		{810F16D6-474F-4359-A5E0-D7EBD970A489}.Ad-Hoc|iPhone.Build.0 = Release|Any CPU
		{810F16D6-474F-4359-A5E0-D7EBD970A489}.Ad-Hoc|iPhone.Deploy.0 = Release|Any CPU
		{810F16D6-474F-4359-A5E0-D7EBD970A489}.Ad-Hoc|iPhoneSimulator.ActiveCfg = Release|Any CPU
		{810F16D6-474F-4359-A5E0-D7EBD970A489}.Ad-Hoc|iPhoneSimulator.Build.0 = Release|Any CPU
		{810F16D6-474F-4359-A5E0-D7EBD970A489}.Ad-Hoc|iPhoneSimulator.Deploy.0 = Release|Any CPU
		{810F16D6-474F-4359-A5E0-D7EBD970A489}.Ad-Hoc|x64.ActiveCfg = Release|Any CPU
		{810F16D6-474F-4359-A5E0-D7EBD970A489}.Ad-Hoc|x64.Build.0 = Release|Any CPU
		{810F16D6-474F-4359-A5E0-D7EBD970A489}.Ad-Hoc|x64.Deploy.0 = Release|Any CPU
		{810F16D6-474F-4359-A5E0-D7EBD970A489}.Ad-Hoc|x86.ActiveCfg = Release|Any CPU
		{810F16D6-474F-4359-A5E0-D7EBD970A489}.Ad-Hoc|x86.Build.0 = Release|Any CPU
		{810F16D6-474F-4359-A5E0-D7EBD970A489}.Ad-Hoc|x86.Deploy.0 = Release|Any CPU
		{810F16D6-474F-4359-A5E0-D7EBD970A489}.AppStore|Any CPU.ActiveCfg = Release|Any CPU
		{810F16D6-474F-4359-A5E0-D7EBD970A489}.AppStore|Any CPU.Build.0 = Release|Any CPU
		{810F16D6-474F-4359-A5E0-D7EBD970A489}.AppStore|Any CPU.Deploy.0 = Release|Any CPU
		{810F16D6-474F-4359-A5E0-D7EBD970A489}.AppStore|ARM.ActiveCfg = Release|Any CPU
		{810F16D6-474F-4359-A5E0-D7EBD970A489}.AppStore|ARM.Build.0 = Release|Any CPU
		{810F16D6-474F-4359-A5E0-D7EBD970A489}.AppStore|ARM.Deploy.0 = Release|Any CPU
		{810F16D6-474F-4359-A5E0-D7EBD970A489}.AppStore|iPhone.ActiveCfg = Release|Any CPU
		{810F16D6-474F-4359-A5E0-D7EBD970A489}.AppStore|iPhone.Build.0 = Release|Any CPU
		{810F16D6-474F-4359-A5E0-D7EBD970A489}.AppStore|iPhone.Deploy.0 = Release|Any CPU
		{810F16D6-474F-4359-A5E0-D7EBD970A489}.AppStore|iPhoneSimulator.ActiveCfg = Release|Any CPU
		{810F16D6-474F-4359-A5E0-D7EBD970A489}.AppStore|iPhoneSimulator.Build.0 = Release|Any CPU
		{810F16D6-474F-4359-A5E0-D7EBD970A489}.AppStore|iPhoneSimulator.Deploy.0 = Release|Any CPU
		{810F16D6-474F-4359-A5E0-D7EBD970A489}.AppStore|x64.ActiveCfg = Release|Any CPU
		{810F16D6-474F-4359-A5E0-D7EBD970A489}.AppStore|x64.Build.0 = Release|Any CPU
		{810F16D6-474F-4359-A5E0-D7EBD970A489}.AppStore|x64.Deploy.0 = Release|Any CPU
		{810F16D6-474F-4359-A5E0-D7EBD970A489}.AppStore|x86.ActiveCfg = Release|Any CPU
		{810F16D6-474F-4359-A5E0-D7EBD970A489}.AppStore|x86.Build.0 = Release|Any CPU
		{810F16D6-474F-4359-A5E0-D7EBD970A489}.AppStore|x86.Deploy.0 = Release|Any CPU
		{810F16D6-474F-4359-A5E0-D7EBD970A489}.Debug|Any CPU.ActiveCfg = Debug|Any CPU
		{810F16D6-474F-4359-A5E0-D7EBD970A489}.Debug|Any CPU.Build.0 = Debug|Any CPU
		{810F16D6-474F-4359-A5E0-D7EBD970A489}.Debug|Any CPU.Deploy.0 = Debug|Any CPU
		{810F16D6-474F-4359-A5E0-D7EBD970A489}.Debug|ARM.ActiveCfg = Debug|Any CPU
		{810F16D6-474F-4359-A5E0-D7EBD970A489}.Debug|ARM.Build.0 = Debug|Any CPU
		{810F16D6-474F-4359-A5E0-D7EBD970A489}.Debug|ARM.Deploy.0 = Debug|Any CPU
		{810F16D6-474F-4359-A5E0-D7EBD970A489}.Debug|iPhone.ActiveCfg = Debug|Any CPU
		{810F16D6-474F-4359-A5E0-D7EBD970A489}.Debug|iPhone.Build.0 = Debug|Any CPU
		{810F16D6-474F-4359-A5E0-D7EBD970A489}.Debug|iPhone.Deploy.0 = Debug|Any CPU
		{810F16D6-474F-4359-A5E0-D7EBD970A489}.Debug|iPhoneSimulator.ActiveCfg = Debug|Any CPU
		{810F16D6-474F-4359-A5E0-D7EBD970A489}.Debug|iPhoneSimulator.Build.0 = Debug|Any CPU
		{810F16D6-474F-4359-A5E0-D7EBD970A489}.Debug|iPhoneSimulator.Deploy.0 = Debug|Any CPU
		{810F16D6-474F-4359-A5E0-D7EBD970A489}.Debug|x64.ActiveCfg = Debug|Any CPU
		{810F16D6-474F-4359-A5E0-D7EBD970A489}.Debug|x64.Build.0 = Debug|Any CPU
		{810F16D6-474F-4359-A5E0-D7EBD970A489}.Debug|x64.Deploy.0 = Debug|Any CPU
		{810F16D6-474F-4359-A5E0-D7EBD970A489}.Debug|x86.ActiveCfg = Debug|Any CPU
		{810F16D6-474F-4359-A5E0-D7EBD970A489}.Debug|x86.Build.0 = Debug|Any CPU
		{810F16D6-474F-4359-A5E0-D7EBD970A489}.Debug|x86.Deploy.0 = Debug|Any CPU
		{810F16D6-474F-4359-A5E0-D7EBD970A489}.Release|Any CPU.ActiveCfg = Release|Any CPU
		{810F16D6-474F-4359-A5E0-D7EBD970A489}.Release|Any CPU.Build.0 = Release|Any CPU
		{810F16D6-474F-4359-A5E0-D7EBD970A489}.Release|Any CPU.Deploy.0 = Release|Any CPU
		{810F16D6-474F-4359-A5E0-D7EBD970A489}.Release|ARM.ActiveCfg = Release|Any CPU
		{810F16D6-474F-4359-A5E0-D7EBD970A489}.Release|ARM.Build.0 = Release|Any CPU
		{810F16D6-474F-4359-A5E0-D7EBD970A489}.Release|ARM.Deploy.0 = Release|Any CPU
		{810F16D6-474F-4359-A5E0-D7EBD970A489}.Release|iPhone.ActiveCfg = Release|Any CPU
		{810F16D6-474F-4359-A5E0-D7EBD970A489}.Release|iPhone.Build.0 = Release|Any CPU
		{810F16D6-474F-4359-A5E0-D7EBD970A489}.Release|iPhone.Deploy.0 = Release|Any CPU
		{810F16D6-474F-4359-A5E0-D7EBD970A489}.Release|iPhoneSimulator.ActiveCfg = Release|Any CPU
		{810F16D6-474F-4359-A5E0-D7EBD970A489}.Release|iPhoneSimulator.Build.0 = Release|Any CPU
		{810F16D6-474F-4359-A5E0-D7EBD970A489}.Release|iPhoneSimulator.Deploy.0 = Release|Any CPU
		{810F16D6-474F-4359-A5E0-D7EBD970A489}.Release|x64.ActiveCfg = Release|Any CPU
		{810F16D6-474F-4359-A5E0-D7EBD970A489}.Release|x64.Build.0 = Release|Any CPU
		{810F16D6-474F-4359-A5E0-D7EBD970A489}.Release|x64.Deploy.0 = Release|Any CPU
		{810F16D6-474F-4359-A5E0-D7EBD970A489}.Release|x86.ActiveCfg = Release|Any CPU
		{810F16D6-474F-4359-A5E0-D7EBD970A489}.Release|x86.Build.0 = Release|Any CPU
		{810F16D6-474F-4359-A5E0-D7EBD970A489}.Release|x86.Deploy.0 = Release|Any CPU
		{6375670B-3C89-42ED-93FF-04D5C7F72088}.Ad-Hoc|Any CPU.ActiveCfg = Ad-Hoc|iPhone
		{6375670B-3C89-42ED-93FF-04D5C7F72088}.Ad-Hoc|ARM.ActiveCfg = Ad-Hoc|iPhone
		{6375670B-3C89-42ED-93FF-04D5C7F72088}.Ad-Hoc|iPhone.ActiveCfg = Ad-Hoc|iPhone
		{6375670B-3C89-42ED-93FF-04D5C7F72088}.Ad-Hoc|iPhone.Build.0 = Ad-Hoc|iPhone
		{6375670B-3C89-42ED-93FF-04D5C7F72088}.Ad-Hoc|iPhoneSimulator.ActiveCfg = Ad-Hoc|iPhoneSimulator
		{6375670B-3C89-42ED-93FF-04D5C7F72088}.Ad-Hoc|iPhoneSimulator.Build.0 = Ad-Hoc|iPhoneSimulator
		{6375670B-3C89-42ED-93FF-04D5C7F72088}.Ad-Hoc|x64.ActiveCfg = Ad-Hoc|iPhone
		{6375670B-3C89-42ED-93FF-04D5C7F72088}.Ad-Hoc|x86.ActiveCfg = Ad-Hoc|iPhone
		{6375670B-3C89-42ED-93FF-04D5C7F72088}.AppStore|Any CPU.ActiveCfg = AppStore|iPhone
		{6375670B-3C89-42ED-93FF-04D5C7F72088}.AppStore|ARM.ActiveCfg = AppStore|iPhone
		{6375670B-3C89-42ED-93FF-04D5C7F72088}.AppStore|iPhone.ActiveCfg = AppStore|iPhone
		{6375670B-3C89-42ED-93FF-04D5C7F72088}.AppStore|iPhone.Build.0 = AppStore|iPhone
		{6375670B-3C89-42ED-93FF-04D5C7F72088}.AppStore|iPhoneSimulator.ActiveCfg = AppStore|iPhoneSimulator
		{6375670B-3C89-42ED-93FF-04D5C7F72088}.AppStore|iPhoneSimulator.Build.0 = AppStore|iPhoneSimulator
		{6375670B-3C89-42ED-93FF-04D5C7F72088}.AppStore|x64.ActiveCfg = AppStore|iPhone
		{6375670B-3C89-42ED-93FF-04D5C7F72088}.AppStore|x86.ActiveCfg = AppStore|iPhone
		{6375670B-3C89-42ED-93FF-04D5C7F72088}.Debug|Any CPU.ActiveCfg = Debug|iPhone
		{6375670B-3C89-42ED-93FF-04D5C7F72088}.Debug|ARM.ActiveCfg = Debug|iPhone
		{6375670B-3C89-42ED-93FF-04D5C7F72088}.Debug|iPhone.ActiveCfg = Debug|iPhone
		{6375670B-3C89-42ED-93FF-04D5C7F72088}.Debug|iPhone.Build.0 = Debug|iPhone
		{6375670B-3C89-42ED-93FF-04D5C7F72088}.Debug|iPhoneSimulator.ActiveCfg = Debug|iPhoneSimulator
		{6375670B-3C89-42ED-93FF-04D5C7F72088}.Debug|iPhoneSimulator.Build.0 = Debug|iPhoneSimulator
		{6375670B-3C89-42ED-93FF-04D5C7F72088}.Debug|x64.ActiveCfg = Debug|iPhone
		{6375670B-3C89-42ED-93FF-04D5C7F72088}.Debug|x86.ActiveCfg = Debug|iPhone
		{6375670B-3C89-42ED-93FF-04D5C7F72088}.Release|Any CPU.ActiveCfg = Release|iPhone
		{6375670B-3C89-42ED-93FF-04D5C7F72088}.Release|ARM.ActiveCfg = Release|iPhone
		{6375670B-3C89-42ED-93FF-04D5C7F72088}.Release|iPhone.ActiveCfg = Release|iPhone
		{6375670B-3C89-42ED-93FF-04D5C7F72088}.Release|iPhone.Build.0 = Release|iPhone
		{6375670B-3C89-42ED-93FF-04D5C7F72088}.Release|iPhoneSimulator.ActiveCfg = Release|iPhoneSimulator
		{6375670B-3C89-42ED-93FF-04D5C7F72088}.Release|iPhoneSimulator.Build.0 = Release|iPhoneSimulator
		{6375670B-3C89-42ED-93FF-04D5C7F72088}.Release|x64.ActiveCfg = Release|iPhone
		{6375670B-3C89-42ED-93FF-04D5C7F72088}.Release|x86.ActiveCfg = Release|iPhone
		{1D4928B8-3642-4C38-B995-F456211ED2D3}.Ad-Hoc|Any CPU.ActiveCfg = Release|x86
		{1D4928B8-3642-4C38-B995-F456211ED2D3}.Ad-Hoc|Any CPU.Build.0 = Release|x86
		{1D4928B8-3642-4C38-B995-F456211ED2D3}.Ad-Hoc|Any CPU.Deploy.0 = Release|x86
		{1D4928B8-3642-4C38-B995-F456211ED2D3}.Ad-Hoc|ARM.ActiveCfg = Release|ARM
		{1D4928B8-3642-4C38-B995-F456211ED2D3}.Ad-Hoc|ARM.Build.0 = Release|ARM
		{1D4928B8-3642-4C38-B995-F456211ED2D3}.Ad-Hoc|ARM.Deploy.0 = Release|ARM
		{1D4928B8-3642-4C38-B995-F456211ED2D3}.Ad-Hoc|iPhone.ActiveCfg = Release|x86
		{1D4928B8-3642-4C38-B995-F456211ED2D3}.Ad-Hoc|iPhone.Build.0 = Release|x86
		{1D4928B8-3642-4C38-B995-F456211ED2D3}.Ad-Hoc|iPhone.Deploy.0 = Release|x86
		{1D4928B8-3642-4C38-B995-F456211ED2D3}.Ad-Hoc|iPhoneSimulator.ActiveCfg = Release|x86
		{1D4928B8-3642-4C38-B995-F456211ED2D3}.Ad-Hoc|iPhoneSimulator.Build.0 = Release|x86
		{1D4928B8-3642-4C38-B995-F456211ED2D3}.Ad-Hoc|iPhoneSimulator.Deploy.0 = Release|x86
		{1D4928B8-3642-4C38-B995-F456211ED2D3}.Ad-Hoc|x64.ActiveCfg = Release|x64
		{1D4928B8-3642-4C38-B995-F456211ED2D3}.Ad-Hoc|x64.Build.0 = Release|x64
		{1D4928B8-3642-4C38-B995-F456211ED2D3}.Ad-Hoc|x64.Deploy.0 = Release|x64
		{1D4928B8-3642-4C38-B995-F456211ED2D3}.Ad-Hoc|x86.ActiveCfg = Release|x86
		{1D4928B8-3642-4C38-B995-F456211ED2D3}.Ad-Hoc|x86.Build.0 = Release|x86
		{1D4928B8-3642-4C38-B995-F456211ED2D3}.Ad-Hoc|x86.Deploy.0 = Release|x86
		{1D4928B8-3642-4C38-B995-F456211ED2D3}.AppStore|Any CPU.ActiveCfg = Release|x86
		{1D4928B8-3642-4C38-B995-F456211ED2D3}.AppStore|Any CPU.Build.0 = Release|x86
		{1D4928B8-3642-4C38-B995-F456211ED2D3}.AppStore|Any CPU.Deploy.0 = Release|x86
		{1D4928B8-3642-4C38-B995-F456211ED2D3}.AppStore|ARM.ActiveCfg = Release|ARM
		{1D4928B8-3642-4C38-B995-F456211ED2D3}.AppStore|ARM.Build.0 = Release|ARM
		{1D4928B8-3642-4C38-B995-F456211ED2D3}.AppStore|ARM.Deploy.0 = Release|ARM
		{1D4928B8-3642-4C38-B995-F456211ED2D3}.AppStore|iPhone.ActiveCfg = Release|x86
		{1D4928B8-3642-4C38-B995-F456211ED2D3}.AppStore|iPhone.Build.0 = Release|x86
		{1D4928B8-3642-4C38-B995-F456211ED2D3}.AppStore|iPhone.Deploy.0 = Release|x86
		{1D4928B8-3642-4C38-B995-F456211ED2D3}.AppStore|iPhoneSimulator.ActiveCfg = Release|x86
		{1D4928B8-3642-4C38-B995-F456211ED2D3}.AppStore|iPhoneSimulator.Build.0 = Release|x86
		{1D4928B8-3642-4C38-B995-F456211ED2D3}.AppStore|iPhoneSimulator.Deploy.0 = Release|x86
		{1D4928B8-3642-4C38-B995-F456211ED2D3}.AppStore|x64.ActiveCfg = Release|x64
		{1D4928B8-3642-4C38-B995-F456211ED2D3}.AppStore|x64.Build.0 = Release|x64
		{1D4928B8-3642-4C38-B995-F456211ED2D3}.AppStore|x64.Deploy.0 = Release|x64
		{1D4928B8-3642-4C38-B995-F456211ED2D3}.AppStore|x86.ActiveCfg = Release|x86
		{1D4928B8-3642-4C38-B995-F456211ED2D3}.AppStore|x86.Build.0 = Release|x86
		{1D4928B8-3642-4C38-B995-F456211ED2D3}.AppStore|x86.Deploy.0 = Release|x86
		{1D4928B8-3642-4C38-B995-F456211ED2D3}.Debug|Any CPU.ActiveCfg = Debug|x86
		{1D4928B8-3642-4C38-B995-F456211ED2D3}.Debug|ARM.ActiveCfg = Debug|ARM
		{1D4928B8-3642-4C38-B995-F456211ED2D3}.Debug|ARM.Build.0 = Debug|ARM
		{1D4928B8-3642-4C38-B995-F456211ED2D3}.Debug|ARM.Deploy.0 = Debug|ARM
		{1D4928B8-3642-4C38-B995-F456211ED2D3}.Debug|iPhone.ActiveCfg = Debug|x86
		{1D4928B8-3642-4C38-B995-F456211ED2D3}.Debug|iPhoneSimulator.ActiveCfg = Debug|x86
		{1D4928B8-3642-4C38-B995-F456211ED2D3}.Debug|x64.ActiveCfg = Debug|x64
		{1D4928B8-3642-4C38-B995-F456211ED2D3}.Debug|x64.Build.0 = Debug|x64
		{1D4928B8-3642-4C38-B995-F456211ED2D3}.Debug|x64.Deploy.0 = Debug|x64
		{1D4928B8-3642-4C38-B995-F456211ED2D3}.Debug|x86.ActiveCfg = Debug|x86
		{1D4928B8-3642-4C38-B995-F456211ED2D3}.Debug|x86.Build.0 = Debug|x86
		{1D4928B8-3642-4C38-B995-F456211ED2D3}.Debug|x86.Deploy.0 = Debug|x86
		{1D4928B8-3642-4C38-B995-F456211ED2D3}.Release|Any CPU.ActiveCfg = Release|x86
		{1D4928B8-3642-4C38-B995-F456211ED2D3}.Release|ARM.ActiveCfg = Release|ARM
		{1D4928B8-3642-4C38-B995-F456211ED2D3}.Release|ARM.Build.0 = Release|ARM
		{1D4928B8-3642-4C38-B995-F456211ED2D3}.Release|ARM.Deploy.0 = Release|ARM
		{1D4928B8-3642-4C38-B995-F456211ED2D3}.Release|iPhone.ActiveCfg = Release|x86
		{1D4928B8-3642-4C38-B995-F456211ED2D3}.Release|iPhoneSimulator.ActiveCfg = Release|x86
		{1D4928B8-3642-4C38-B995-F456211ED2D3}.Release|x64.ActiveCfg = Release|x64
		{1D4928B8-3642-4C38-B995-F456211ED2D3}.Release|x64.Build.0 = Release|x64
		{1D4928B8-3642-4C38-B995-F456211ED2D3}.Release|x64.Deploy.0 = Release|x64
		{1D4928B8-3642-4C38-B995-F456211ED2D3}.Release|x86.ActiveCfg = Release|x86
		{1D4928B8-3642-4C38-B995-F456211ED2D3}.Release|x86.Build.0 = Release|x86
		{1D4928B8-3642-4C38-B995-F456211ED2D3}.Release|x86.Deploy.0 = Release|x86
		{4FD21A99-B436-44A4-9D2A-42807F2B7D9B}.Ad-Hoc|Any CPU.ActiveCfg = Debug|Any CPU
		{4FD21A99-B436-44A4-9D2A-42807F2B7D9B}.Ad-Hoc|Any CPU.Build.0 = Debug|Any CPU
		{4FD21A99-B436-44A4-9D2A-42807F2B7D9B}.Ad-Hoc|ARM.ActiveCfg = Debug|Any CPU
		{4FD21A99-B436-44A4-9D2A-42807F2B7D9B}.Ad-Hoc|ARM.Build.0 = Debug|Any CPU
		{4FD21A99-B436-44A4-9D2A-42807F2B7D9B}.Ad-Hoc|iPhone.ActiveCfg = Debug|Any CPU
		{4FD21A99-B436-44A4-9D2A-42807F2B7D9B}.Ad-Hoc|iPhone.Build.0 = Debug|Any CPU
		{4FD21A99-B436-44A4-9D2A-42807F2B7D9B}.Ad-Hoc|iPhoneSimulator.ActiveCfg = Debug|Any CPU
		{4FD21A99-B436-44A4-9D2A-42807F2B7D9B}.Ad-Hoc|iPhoneSimulator.Build.0 = Debug|Any CPU
		{4FD21A99-B436-44A4-9D2A-42807F2B7D9B}.Ad-Hoc|x64.ActiveCfg = Debug|Any CPU
		{4FD21A99-B436-44A4-9D2A-42807F2B7D9B}.Ad-Hoc|x64.Build.0 = Debug|Any CPU
		{4FD21A99-B436-44A4-9D2A-42807F2B7D9B}.Ad-Hoc|x86.ActiveCfg = Debug|Any CPU
		{4FD21A99-B436-44A4-9D2A-42807F2B7D9B}.Ad-Hoc|x86.Build.0 = Debug|Any CPU
		{4FD21A99-B436-44A4-9D2A-42807F2B7D9B}.AppStore|Any CPU.ActiveCfg = Debug|Any CPU
		{4FD21A99-B436-44A4-9D2A-42807F2B7D9B}.AppStore|Any CPU.Build.0 = Debug|Any CPU
		{4FD21A99-B436-44A4-9D2A-42807F2B7D9B}.AppStore|ARM.ActiveCfg = Debug|Any CPU
		{4FD21A99-B436-44A4-9D2A-42807F2B7D9B}.AppStore|ARM.Build.0 = Debug|Any CPU
		{4FD21A99-B436-44A4-9D2A-42807F2B7D9B}.AppStore|iPhone.ActiveCfg = Debug|Any CPU
		{4FD21A99-B436-44A4-9D2A-42807F2B7D9B}.AppStore|iPhone.Build.0 = Debug|Any CPU
		{4FD21A99-B436-44A4-9D2A-42807F2B7D9B}.AppStore|iPhoneSimulator.ActiveCfg = Debug|Any CPU
		{4FD21A99-B436-44A4-9D2A-42807F2B7D9B}.AppStore|iPhoneSimulator.Build.0 = Debug|Any CPU
		{4FD21A99-B436-44A4-9D2A-42807F2B7D9B}.AppStore|x64.ActiveCfg = Debug|Any CPU
		{4FD21A99-B436-44A4-9D2A-42807F2B7D9B}.AppStore|x64.Build.0 = Debug|Any CPU
		{4FD21A99-B436-44A4-9D2A-42807F2B7D9B}.AppStore|x86.ActiveCfg = Debug|Any CPU
		{4FD21A99-B436-44A4-9D2A-42807F2B7D9B}.AppStore|x86.Build.0 = Debug|Any CPU
		{4FD21A99-B436-44A4-9D2A-42807F2B7D9B}.Debug|Any CPU.ActiveCfg = Debug|Any CPU
		{4FD21A99-B436-44A4-9D2A-42807F2B7D9B}.Debug|Any CPU.Build.0 = Debug|Any CPU
		{4FD21A99-B436-44A4-9D2A-42807F2B7D9B}.Debug|ARM.ActiveCfg = Debug|Any CPU
		{4FD21A99-B436-44A4-9D2A-42807F2B7D9B}.Debug|ARM.Build.0 = Debug|Any CPU
		{4FD21A99-B436-44A4-9D2A-42807F2B7D9B}.Debug|iPhone.ActiveCfg = Debug|Any CPU
		{4FD21A99-B436-44A4-9D2A-42807F2B7D9B}.Debug|iPhone.Build.0 = Debug|Any CPU
		{4FD21A99-B436-44A4-9D2A-42807F2B7D9B}.Debug|iPhoneSimulator.ActiveCfg = Debug|Any CPU
		{4FD21A99-B436-44A4-9D2A-42807F2B7D9B}.Debug|iPhoneSimulator.Build.0 = Debug|Any CPU
		{4FD21A99-B436-44A4-9D2A-42807F2B7D9B}.Debug|x64.ActiveCfg = Debug|Any CPU
		{4FD21A99-B436-44A4-9D2A-42807F2B7D9B}.Debug|x64.Build.0 = Debug|Any CPU
		{4FD21A99-B436-44A4-9D2A-42807F2B7D9B}.Debug|x86.ActiveCfg = Debug|Any CPU
		{4FD21A99-B436-44A4-9D2A-42807F2B7D9B}.Debug|x86.Build.0 = Debug|Any CPU
		{4FD21A99-B436-44A4-9D2A-42807F2B7D9B}.Release|Any CPU.ActiveCfg = Release|Any CPU
		{4FD21A99-B436-44A4-9D2A-42807F2B7D9B}.Release|Any CPU.Build.0 = Release|Any CPU
		{4FD21A99-B436-44A4-9D2A-42807F2B7D9B}.Release|ARM.ActiveCfg = Release|Any CPU
		{4FD21A99-B436-44A4-9D2A-42807F2B7D9B}.Release|ARM.Build.0 = Release|Any CPU
		{4FD21A99-B436-44A4-9D2A-42807F2B7D9B}.Release|iPhone.ActiveCfg = Release|Any CPU
		{4FD21A99-B436-44A4-9D2A-42807F2B7D9B}.Release|iPhone.Build.0 = Release|Any CPU
		{4FD21A99-B436-44A4-9D2A-42807F2B7D9B}.Release|iPhoneSimulator.ActiveCfg = Release|Any CPU
		{4FD21A99-B436-44A4-9D2A-42807F2B7D9B}.Release|iPhoneSimulator.Build.0 = Release|Any CPU
		{4FD21A99-B436-44A4-9D2A-42807F2B7D9B}.Release|x64.ActiveCfg = Release|Any CPU
		{4FD21A99-B436-44A4-9D2A-42807F2B7D9B}.Release|x64.Build.0 = Release|Any CPU
		{4FD21A99-B436-44A4-9D2A-42807F2B7D9B}.Release|x86.ActiveCfg = Release|Any CPU
		{4FD21A99-B436-44A4-9D2A-42807F2B7D9B}.Release|x86.Build.0 = Release|Any CPU
	EndGlobalSection
	GlobalSection(SolutionProperties) = preSolution
		HideSolutionNode = FALSE
	EndGlobalSection
	GlobalSection(ExtensibilityGlobals) = postSolution
		SolutionGuid = {812E46F5-F12F-4DDD-9AA2-542FF0167B66}
	EndGlobalSection
EndGlobal
